{
  "version": 4,
  "terraform_version": "1.1.6",
  "serial": 3,
  "lineage": "1eb880ce-1a4d-064d-c269-258ab1c11010",
  "outputs": {},
  "resources": [
    {
      "mode": "managed",
      "type": "github_repository",
      "name": "okta-terraform",
      "provider": "provider[\"registry.terraform.io/integrations/github\"]",
      "instances": [
        {
          "schema_version": 0,
          "attributes": {
            "allow_auto_merge": false,
            "allow_merge_commit": true,
            "allow_rebase_merge": true,
            "allow_squash_merge": true,
            "archive_on_destroy": null,
            "archived": false,
            "auto_init": null,
            "branches": [
              {
                "name": "main",
                "protected": false
              }
            ],
            "default_branch": "main",
            "delete_branch_on_merge": false,
            "description": "An example of Continuous Integration with GitHub Actions and HashiCorp Terraform for Making changes in Okta",
            "etag": "W/\"7e45c5ff86089f72f5cda2c22b0c46b9e25be32623a9118927d8b9ee66fb1839\"",
            "full_name": "pm-bhatt/okta-terraform",
            "git_clone_url": "git://github.com/pm-bhatt/okta-terraform.git",
            "gitignore_template": null,
            "has_downloads": false,
            "has_issues": false,
            "has_projects": false,
            "has_wiki": false,
            "homepage_url": "https://pmbhatt.com",
            "html_url": "https://github.com/pm-bhatt/okta-terraform",
            "http_clone_url": "https://github.com/pm-bhatt/okta-terraform.git",
            "id": "okta-terraform",
            "is_template": false,
            "license_template": "mit",
            "name": "okta-terraform",
            "node_id": "R_kgDOG2-zWg",
            "pages": [],
            "private": false,
            "repo_id": 460305242,
            "ssh_clone_url": "git@github.com:pm-bhatt/okta-terraform.git",
            "svn_url": "https://github.com/pm-bhatt/okta-terraform",
            "template": [],
            "topics": [
              "ci",
              "continuous-integration",
              "github",
              "github-actions",
              "okta",
              "public",
              "terraform"
            ],
            "visibility": "public",
            "vulnerability_alerts": false
          },
          "sensitive_attributes": [],
          "private": "bnVsbA=="
        }
      ]
    }
  ]
}
